
Microsoft Visual Studio Solution File, Format Version 12.00
# Visual Studio Version 16
VisualStudioVersion = 16.0.34031.81
MinimumVisualStudioVersion = 10.0.40219.1
Project("{2150E333-8FDC-42A3-9474-1A3956D46DE8}") = "Task0", "Task0", "{FB124FD6-0E23-485C-92B1-73B40C06E6DE}"
EndProject
Project("{FAE04EC0-301F-11D3-BF4B-00C04F79EFBC}") = "Tyuiu.UsoltsevAD.Sprint3.Task0.V15", "Tyuiu.UsoltsevAD.Sprint3.Task0.V15\Tyuiu.UsoltsevAD.Sprint3.Task0.V15.csproj", "{5F8B3EE6-E4D7-4212-8A87-2A4FE226E102}"
EndProject
Project("{FAE04EC0-301F-11D3-BF4B-00C04F79EFBC}") = "Tyuiu.UsoltsevAD.Sprint3.Task0.V15.Lib", "Tyuiu.UsoltsevAD.Sprint3.Task0.V15.Lib\Tyuiu.UsoltsevAD.Sprint3.Task0.V15.Lib.csproj", "{8B594E5D-1F7C-4739-A242-FB688D91D9C4}"
EndProject
Project("{FAE04EC0-301F-11D3-BF4B-00C04F79EFBC}") = "Tyuiu.UsoltsevAD.Sprint3.Task0.V15.Test", "Tyuiu.UsoltsevAD.Sprint3.Task0.V15.Test\Tyuiu.UsoltsevAD.Sprint3.Task0.V15.Test.csproj", "{50D8356A-B8C1-4677-AF89-184B0CA78955}"
EndProject
Project("{2150E333-8FDC-42A3-9474-1A3956D46DE8}") = "Task1", "Task1", "{63C7AE83-8FD8-4E21-90A7-FDF9D54054AD}"
EndProject
Project("{FAE04EC0-301F-11D3-BF4B-00C04F79EFBC}") = "Tyuiu.UsoltsevAD.Sprint3.Task1.V21", "Tyuiu.UsoltsevAD.Sprint3.Task1.V21\Tyuiu.UsoltsevAD.Sprint3.Task1.V21.csproj", "{5E122023-AE31-4A6C-9B15-DDF34C57FC22}"
EndProject
Project("{FAE04EC0-301F-11D3-BF4B-00C04F79EFBC}") = "Tyuiu.UsoltsevAD.Sprint3.Task1.V21.Lib", "Tyuiu.UsoltsevAD.Sprint3.Task1.V21.Lib\Tyuiu.UsoltsevAD.Sprint3.Task1.V21.Lib.csproj", "{497B0CDF-5861-49D6-A316-0FD89034F22F}"
EndProject
Project("{FAE04EC0-301F-11D3-BF4B-00C04F79EFBC}") = "Tyuiu.UsoltsevAD.Sprint3.Task1.V21.Test", "Tyuiu.UsoltsevAD.Sprint3.Task1.V21.Test\Tyuiu.UsoltsevAD.Sprint3.Task1.V21.Test.csproj", "{8CDF6FF1-291E-473B-BAE9-F6571741A819}"
EndProject
Project("{2150E333-8FDC-42A3-9474-1A3956D46DE8}") = "Task2", "Task2", "{2AF931EC-79BE-4756-874F-25EDF6F2B038}"
EndProject
Project("{FAE04EC0-301F-11D3-BF4B-00C04F79EFBC}") = "Tyuiu.UsoltsevAD.Sprint3.Task2.V16", "Tyuiu.UsoltsevAD.Sprint3.Task2.V16\Tyuiu.UsoltsevAD.Sprint3.Task2.V16.csproj", "{690B0F38-C67E-4A06-9648-381A7C81713F}"
EndProject
Project("{FAE04EC0-301F-11D3-BF4B-00C04F79EFBC}") = "Tyuiu.UsoltsevAD.Sprint3.Task2.V16.Lib", "Tyuiu.UsoltsevAD.Sprint3.Task2.V16.Lib\Tyuiu.UsoltsevAD.Sprint3.Task2.V16.Lib.csproj", "{4BEC344E-FE78-4F8D-8CC1-85DB85D92570}"
EndProject
Project("{FAE04EC0-301F-11D3-BF4B-00C04F79EFBC}") = "Tyuiu.UsoltsevAD.Sprint3.Task2.V16.Test", "Tyuiu.UsoltsevAD.Sprint3.Task2.V16.Test\Tyuiu.UsoltsevAD.Sprint3.Task2.V16.Test.csproj", "{96B7B440-07FB-4AE6-8457-E5AD102CEBFC}"
EndProject
Project("{2150E333-8FDC-42A3-9474-1A3956D46DE8}") = "Task3", "Task3", "{09D344ED-12CB-4B03-AAAE-07C61DF14C9E}"
EndProject
Project("{FAE04EC0-301F-11D3-BF4B-00C04F79EFBC}") = "Tyuiu.UsoltsevAD.Sprint3.Task3.V11", "Tyuiu.UsoltsevAD.Sprint3.Task3.V11\Tyuiu.UsoltsevAD.Sprint3.Task3.V11.csproj", "{6C8E6E0E-9360-4C68-9C51-47664829DAD5}"
EndProject
Project("{FAE04EC0-301F-11D3-BF4B-00C04F79EFBC}") = "Tyuiu.UsoltsevAD.Sprint3.Task3.V11.Lib", "Tyuiu.UsoltsevAD.Sprint3.Task3.V11.Lib\Tyuiu.UsoltsevAD.Sprint3.Task3.V11.Lib.csproj", "{6724F73F-B949-4A09-BCBB-F8681D14A5DA}"
EndProject
Project("{FAE04EC0-301F-11D3-BF4B-00C04F79EFBC}") = "Tyuiu.UsoltsevAD.Sprint3.Task3.V11.Test", "Tyuiu.UsoltsevAD.Sprint3.Task3.V11.Test\Tyuiu.UsoltsevAD.Sprint3.Task3.V11.Test.csproj", "{70A49441-A7AB-4EFA-B53A-5B79EAF768C1}"
EndProject
Project("{2150E333-8FDC-42A3-9474-1A3956D46DE8}") = "Task4", "Task4", "{681EC2B9-07AF-430D-AE18-C010EF3C0D0F}"
EndProject
Project("{FAE04EC0-301F-11D3-BF4B-00C04F79EFBC}") = "Tyuiu.UsoltsevAD.Sprint3.Task4.V17", "Tyuiu.UsoltsevAD.Sprint3.Task4.V17\Tyuiu.UsoltsevAD.Sprint3.Task4.V17.csproj", "{D1B66B11-8AD1-4FE8-89EF-405C64F68A8B}"
EndProject
Project("{FAE04EC0-301F-11D3-BF4B-00C04F79EFBC}") = "Tyuiu.UsoltsevAD.Sprint3.Task4.V17.Lib", "Tyuiu.UsoltsevAD.Sprint3.Task4.V17.Lib\Tyuiu.UsoltsevAD.Sprint3.Task4.V17.Lib.csproj", "{8C328B6A-AD54-4E9E-8895-B87280E8199C}"
EndProject
Project("{FAE04EC0-301F-11D3-BF4B-00C04F79EFBC}") = "Tyuiu.UsoltsevAD.Sprint3.Task4.V17.Test", "Tyuiu.UsoltsevAD.Sprint3.Task4.V17.Test\Tyuiu.UsoltsevAD.Sprint3.Task4.V17.Test.csproj", "{F9167941-7305-4973-BA96-D716CAC3232C}"
EndProject
Global
	GlobalSection(SolutionConfigurationPlatforms) = preSolution
		Debug|Any CPU = Debug|Any CPU
		Release|Any CPU = Release|Any CPU
	EndGlobalSection
	GlobalSection(ProjectConfigurationPlatforms) = postSolution
		{5F8B3EE6-E4D7-4212-8A87-2A4FE226E102}.Debug|Any CPU.ActiveCfg = Debug|Any CPU
		{5F8B3EE6-E4D7-4212-8A87-2A4FE226E102}.Debug|Any CPU.Build.0 = Debug|Any CPU
		{5F8B3EE6-E4D7-4212-8A87-2A4FE226E102}.Release|Any CPU.ActiveCfg = Release|Any CPU
		{5F8B3EE6-E4D7-4212-8A87-2A4FE226E102}.Release|Any CPU.Build.0 = Release|Any CPU
		{8B594E5D-1F7C-4739-A242-FB688D91D9C4}.Debug|Any CPU.ActiveCfg = Debug|Any CPU
		{8B594E5D-1F7C-4739-A242-FB688D91D9C4}.Debug|Any CPU.Build.0 = Debug|Any CPU
		{8B594E5D-1F7C-4739-A242-FB688D91D9C4}.Release|Any CPU.ActiveCfg = Release|Any CPU
		{8B594E5D-1F7C-4739-A242-FB688D91D9C4}.Release|Any CPU.Build.0 = Release|Any CPU
		{50D8356A-B8C1-4677-AF89-184B0CA78955}.Debug|Any CPU.ActiveCfg = Debug|Any CPU
		{50D8356A-B8C1-4677-AF89-184B0CA78955}.Debug|Any CPU.Build.0 = Debug|Any CPU
		{50D8356A-B8C1-4677-AF89-184B0CA78955}.Release|Any CPU.ActiveCfg = Release|Any CPU
		{50D8356A-B8C1-4677-AF89-184B0CA78955}.Release|Any CPU.Build.0 = Release|Any CPU
		{5E122023-AE31-4A6C-9B15-DDF34C57FC22}.Debug|Any CPU.ActiveCfg = Debug|Any CPU
		{5E122023-AE31-4A6C-9B15-DDF34C57FC22}.Debug|Any CPU.Build.0 = Debug|Any CPU
		{5E122023-AE31-4A6C-9B15-DDF34C57FC22}.Release|Any CPU.ActiveCfg = Release|Any CPU
		{5E122023-AE31-4A6C-9B15-DDF34C57FC22}.Release|Any CPU.Build.0 = Release|Any CPU
		{497B0CDF-5861-49D6-A316-0FD89034F22F}.Debug|Any CPU.ActiveCfg = Debug|Any CPU
		{497B0CDF-5861-49D6-A316-0FD89034F22F}.Debug|Any CPU.Build.0 = Debug|Any CPU
		{497B0CDF-5861-49D6-A316-0FD89034F22F}.Release|Any CPU.ActiveCfg = Release|Any CPU
		{497B0CDF-5861-49D6-A316-0FD89034F22F}.Release|Any CPU.Build.0 = Release|Any CPU
		{8CDF6FF1-291E-473B-BAE9-F6571741A819}.Debug|Any CPU.ActiveCfg = Debug|Any CPU
		{8CDF6FF1-291E-473B-BAE9-F6571741A819}.Debug|Any CPU.Build.0 = Debug|Any CPU
		{8CDF6FF1-291E-473B-BAE9-F6571741A819}.Release|Any CPU.ActiveCfg = Release|Any CPU
		{8CDF6FF1-291E-473B-BAE9-F6571741A819}.Release|Any CPU.Build.0 = Release|Any CPU
		{690B0F38-C67E-4A06-9648-381A7C81713F}.Debug|Any CPU.ActiveCfg = Debug|Any CPU
		{690B0F38-C67E-4A06-9648-381A7C81713F}.Debug|Any CPU.Build.0 = Debug|Any CPU
		{690B0F38-C67E-4A06-9648-381A7C81713F}.Release|Any CPU.ActiveCfg = Release|Any CPU
		{690B0F38-C67E-4A06-9648-381A7C81713F}.Release|Any CPU.Build.0 = Release|Any CPU
		{4BEC344E-FE78-4F8D-8CC1-85DB85D92570}.Debug|Any CPU.ActiveCfg = Debug|Any CPU
		{4BEC344E-FE78-4F8D-8CC1-85DB85D92570}.Debug|Any CPU.Build.0 = Debug|Any CPU
		{4BEC344E-FE78-4F8D-8CC1-85DB85D92570}.Release|Any CPU.ActiveCfg = Release|Any CPU
		{4BEC344E-FE78-4F8D-8CC1-85DB85D92570}.Release|Any CPU.Build.0 = Release|Any CPU
		{96B7B440-07FB-4AE6-8457-E5AD102CEBFC}.Debug|Any CPU.ActiveCfg = Debug|Any CPU
		{96B7B440-07FB-4AE6-8457-E5AD102CEBFC}.Debug|Any CPU.Build.0 = Debug|Any CPU
		{96B7B440-07FB-4AE6-8457-E5AD102CEBFC}.Release|Any CPU.ActiveCfg = Release|Any CPU
		{96B7B440-07FB-4AE6-8457-E5AD102CEBFC}.Release|Any CPU.Build.0 = Release|Any CPU
		{6C8E6E0E-9360-4C68-9C51-47664829DAD5}.Debug|Any CPU.ActiveCfg = Debug|Any CPU
		{6C8E6E0E-9360-4C68-9C51-47664829DAD5}.Debug|Any CPU.Build.0 = Debug|Any CPU
		{6C8E6E0E-9360-4C68-9C51-47664829DAD5}.Release|Any CPU.ActiveCfg = Release|Any CPU
		{6C8E6E0E-9360-4C68-9C51-47664829DAD5}.Release|Any CPU.Build.0 = Release|Any CPU
		{6724F73F-B949-4A09-BCBB-F8681D14A5DA}.Debug|Any CPU.ActiveCfg = Debug|Any CPU
		{6724F73F-B949-4A09-BCBB-F8681D14A5DA}.Debug|Any CPU.Build.0 = Debug|Any CPU
		{6724F73F-B949-4A09-BCBB-F8681D14A5DA}.Release|Any CPU.ActiveCfg = Release|Any CPU
		{6724F73F-B949-4A09-BCBB-F8681D14A5DA}.Release|Any CPU.Build.0 = Release|Any CPU
		{70A49441-A7AB-4EFA-B53A-5B79EAF768C1}.Debug|Any CPU.ActiveCfg = Debug|Any CPU
		{70A49441-A7AB-4EFA-B53A-5B79EAF768C1}.Debug|Any CPU.Build.0 = Debug|Any CPU
		{70A49441-A7AB-4EFA-B53A-5B79EAF768C1}.Release|Any CPU.ActiveCfg = Release|Any CPU
		{70A49441-A7AB-4EFA-B53A-5B79EAF768C1}.Release|Any CPU.Build.0 = Release|Any CPU
		{D1B66B11-8AD1-4FE8-89EF-405C64F68A8B}.Debug|Any CPU.ActiveCfg = Debug|Any CPU
		{D1B66B11-8AD1-4FE8-89EF-405C64F68A8B}.Debug|Any CPU.Build.0 = Debug|Any CPU
		{D1B66B11-8AD1-4FE8-89EF-405C64F68A8B}.Release|Any CPU.ActiveCfg = Release|Any CPU
		{D1B66B11-8AD1-4FE8-89EF-405C64F68A8B}.Release|Any CPU.Build.0 = Release|Any CPU
		{8C328B6A-AD54-4E9E-8895-B87280E8199C}.Debug|Any CPU.ActiveCfg = Debug|Any CPU
		{8C328B6A-AD54-4E9E-8895-B87280E8199C}.Debug|Any CPU.Build.0 = Debug|Any CPU
		{8C328B6A-AD54-4E9E-8895-B87280E8199C}.Release|Any CPU.ActiveCfg = Release|Any CPU
		{8C328B6A-AD54-4E9E-8895-B87280E8199C}.Release|Any CPU.Build.0 = Release|Any CPU
		{F9167941-7305-4973-BA96-D716CAC3232C}.Debug|Any CPU.ActiveCfg = Debug|Any CPU
		{F9167941-7305-4973-BA96-D716CAC3232C}.Debug|Any CPU.Build.0 = Debug|Any CPU
		{F9167941-7305-4973-BA96-D716CAC3232C}.Release|Any CPU.ActiveCfg = Release|Any CPU
		{F9167941-7305-4973-BA96-D716CAC3232C}.Release|Any CPU.Build.0 = Release|Any CPU
	EndGlobalSection
	GlobalSection(SolutionProperties) = preSolution
		HideSolutionNode = FALSE
	EndGlobalSection
	GlobalSection(NestedProjects) = preSolution
		{5F8B3EE6-E4D7-4212-8A87-2A4FE226E102} = {FB124FD6-0E23-485C-92B1-73B40C06E6DE}
		{8B594E5D-1F7C-4739-A242-FB688D91D9C4} = {FB124FD6-0E23-485C-92B1-73B40C06E6DE}
		{50D8356A-B8C1-4677-AF89-184B0CA78955} = {FB124FD6-0E23-485C-92B1-73B40C06E6DE}
		{5E122023-AE31-4A6C-9B15-DDF34C57FC22} = {63C7AE83-8FD8-4E21-90A7-FDF9D54054AD}
		{497B0CDF-5861-49D6-A316-0FD89034F22F} = {63C7AE83-8FD8-4E21-90A7-FDF9D54054AD}
		{8CDF6FF1-291E-473B-BAE9-F6571741A819} = {63C7AE83-8FD8-4E21-90A7-FDF9D54054AD}
		{690B0F38-C67E-4A06-9648-381A7C81713F} = {2AF931EC-79BE-4756-874F-25EDF6F2B038}
		{4BEC344E-FE78-4F8D-8CC1-85DB85D92570} = {2AF931EC-79BE-4756-874F-25EDF6F2B038}
		{96B7B440-07FB-4AE6-8457-E5AD102CEBFC} = {2AF931EC-79BE-4756-874F-25EDF6F2B038}
		{6C8E6E0E-9360-4C68-9C51-47664829DAD5} = {09D344ED-12CB-4B03-AAAE-07C61DF14C9E}
		{6724F73F-B949-4A09-BCBB-F8681D14A5DA} = {09D344ED-12CB-4B03-AAAE-07C61DF14C9E}
		{70A49441-A7AB-4EFA-B53A-5B79EAF768C1} = {09D344ED-12CB-4B03-AAAE-07C61DF14C9E}
		{D1B66B11-8AD1-4FE8-89EF-405C64F68A8B} = {681EC2B9-07AF-430D-AE18-C010EF3C0D0F}
		{8C328B6A-AD54-4E9E-8895-B87280E8199C} = {681EC2B9-07AF-430D-AE18-C010EF3C0D0F}
		{F9167941-7305-4973-BA96-D716CAC3232C} = {681EC2B9-07AF-430D-AE18-C010EF3C0D0F}
	EndGlobalSection
	GlobalSection(ExtensibilityGlobals) = postSolution
		SolutionGuid = {1880081C-4479-4731-B164-9D21DA437E12}
	EndGlobalSection
EndGlobal
